
Microsoft Visual Studio Solution File, Format Version 12.00
# Visual Studio Version 17
VisualStudioVersion = 17.7.34031.279
MinimumVisualStudioVersion = 10.0.40219.1
Project("{FAE04EC0-301F-11D3-BF4B-00C04F79EFBC}") = "Expense Tracker", "Expense Tracker\Expense Tracker.csproj", "{9A2265ED-82E8-4A39-893D-B7194EAC5697}"
EndProject
Global
	GlobalSection(SolutionConfigurationPlatforms) = preSolution
		Debug|Any CPU = Debug|Any CPU
		Release|Any CPU = Release|Any CPU
	EndGlobalSection
	GlobalSection(ProjectConfigurationPlatforms) = postSolution
		{9A2265ED-82E8-4A39-893D-B7194EAC5697}.Debug|Any CPU.ActiveCfg = Debug|Any CPU
		{9A2265ED-82E8-4A39-893D-B7194EAC5697}.Debug|Any CPU.Build.0 = Debug|Any CPU
		{9A2265ED-82E8-4A39-893D-B7194EAC5697}.Release|Any CPU.ActiveCfg = Release|Any CPU
		{9A2265ED-82E8-4A39-893D-B7194EAC5697}.Release|Any CPU.Build.0 = Release|Any CPU
	EndGlobalSection
	GlobalSection(SolutionProperties) = preSolution
		HideSolutionNode = FALSE
	EndGlobalSection
	GlobalSection(ExtensibilityGlobals) = postSolution
		SolutionGuid = {41ECE29F-A355-454B-8E09-167B1896BCF8}
	EndGlobalSection
EndGlobal
